// !$*UTF8*$!
{
	archiveVersion = 1;
	classes = {
	};
	objectVersion = 50;
	objects = {

/* Begin PBXBuildFile section */
		21177DE7216E11F1003E3D9F /* AppDelegate.swift in Sources */ = {isa = PBXBuildFile; fileRef = 21177DE6216E11F1003E3D9F /* AppDelegate.swift */; };
		21177DE9216E11F1003E3D9F /* ViewController.swift in Sources */ = {isa = PBXBuildFile; fileRef = 21177DE8216E11F1003E3D9F /* ViewController.swift */; };
		21177DEC216E11F1003E3D9F /* Main.storyboard in Resources */ = {isa = PBXBuildFile; fileRef = 21177DEA216E11F1003E3D9F /* Main.storyboard */; };
		21177DEE216E11F2003E3D9F /* image.xcassets in Resources */ = {isa = PBXBuildFile; fileRef = 21177DED216E11F2003E3D9F /* image.xcassets */; };
		21177DF1216E11F2003E3D9F /* LaunchScreen.storyboard in Resources */ = {isa = PBXBuildFile; fileRef = 21177DEF216E11F2003E3D9F /* LaunchScreen.storyboard */; };
		21177DFC216E11F2003E3D9F /* Sample_Procon_2018Tests.swift in Sources */ = {isa = PBXBuildFile; fileRef = 21177DFB216E11F2003E3D9F /* Sample_Procon_2018Tests.swift */; };
		21177E07216E11F3003E3D9F /* Sample_Procon_2018UITests.swift in Sources */ = {isa = PBXBuildFile; fileRef = 21177E06216E11F3003E3D9F /* Sample_Procon_2018UITests.swift */; };
		21349AB2216F70AC002FDD8F /* ViewWebSite.storyboard in Resources */ = {isa = PBXBuildFile; fileRef = 21349AB1216F70AC002FDD8F /* ViewWebSite.storyboard */; };
		21349AB421702123002FDD8F /* ShowQRCode.storyboard in Resources */ = {isa = PBXBuildFile; fileRef = 21349AB321702123002FDD8F /* ShowQRCode.storyboard */; };
		21349AB621702143002FDD8F /* ShowQRCode.swift in Sources */ = {isa = PBXBuildFile; fileRef = 21349AB521702143002FDD8F /* ShowQRCode.swift */; };
		21349AB821702956002FDD8F /* ViewWebSite.swift in Sources */ = {isa = PBXBuildFile; fileRef = 21349AB721702956002FDD8F /* ViewWebSite.swift */; };
/* End PBXBuildFile section */

/* Begin PBXContainerItemProxy section */
		21177DF8216E11F2003E3D9F /* PBXContainerItemProxy */ = {
			isa = PBXContainerItemProxy;
			containerPortal = 21177DDB216E11F1003E3D9F /* Project object */;
			proxyType = 1;
			remoteGlobalIDString = 21177DE2216E11F1003E3D9F;
			remoteInfo = Sample_Procon_2018;
		};
		21177E03216E11F3003E3D9F /* PBXContainerItemProxy */ = {
			isa = PBXContainerItemProxy;
			containerPortal = 21177DDB216E11F1003E3D9F /* Project object */;
			proxyType = 1;
			remoteGlobalIDString = 21177DE2216E11F1003E3D9F;
			remoteInfo = Sample_Procon_2018;
		};
/* End PBXContainerItemProxy section */

/* Begin PBXFileReference section */
		21177DE3216E11F1003E3D9F /* Sample_Procon_2018.app */ = {isa = PBXFileReference; explicitFileType = wrapper.application; includeInIndex = 0; path = Sample_Procon_2018.app; sourceTree = BUILT_PRODUCTS_DIR; };
		21177DE6216E11F1003E3D9F /* AppDelegate.swift */ = {isa = PBXFileReference; lastKnownFileType = sourcecode.swift; path = AppDelegate.swift; sourceTree = "<group>"; };
		21177DE8216E11F1003E3D9F /* ViewController.swift */ = {isa = PBXFileReference; lastKnownFileType = sourcecode.swift; path = ViewController.swift; sourceTree = "<group>"; };
		21177DEB216E11F1003E3D9F /* Base */ = {isa = PBXFileReference; lastKnownFileType = file.storyboard; name = Base; path = Base.lproj/Main.storyboard; sourceTree = "<group>"; };
		21177DED216E11F2003E3D9F /* image.xcassets */ = {isa = PBXFileReference; lastKnownFileType = folder.assetcatalog; path = image.xcassets; sourceTree = "<group>"; };
		21177DF0216E11F2003E3D9F /* Base */ = {isa = PBXFileReference; lastKnownFileType = file.storyboard; name = Base; path = Base.lproj/LaunchScreen.storyboard; sourceTree = "<group>"; };
		21177DF2216E11F2003E3D9F /* Info.plist */ = {isa = PBXFileReference; lastKnownFileType = text.plist.xml; path = Info.plist; sourceTree = "<group>"; };
		21177DF7216E11F2003E3D9F /* Sample_Procon_2018Tests.xctest */ = {isa = PBXFileReference; explicitFileType = wrapper.cfbundle; includeInIndex = 0; path = Sample_Procon_2018Tests.xctest; sourceTree = BUILT_PRODUCTS_DIR; };
		21177DFB216E11F2003E3D9F /* Sample_Procon_2018Tests.swift */ = {isa = PBXFileReference; lastKnownFileType = sourcecode.swift; path = Sample_Procon_2018Tests.swift; sourceTree = "<group>"; };
		21177DFD216E11F2003E3D9F /* Info.plist */ = {isa = PBXFileReference; lastKnownFileType = text.plist.xml; path = Info.plist; sourceTree = "<group>"; };
		21177E02216E11F3003E3D9F /* Sample_Procon_2018UITests.xctest */ = {isa = PBXFileReference; explicitFileType = wrapper.cfbundle; includeInIndex = 0; path = Sample_Procon_2018UITests.xctest; sourceTree = BUILT_PRODUCTS_DIR; };
		21177E06216E11F3003E3D9F /* Sample_Procon_2018UITests.swift */ = {isa = PBXFileReference; lastKnownFileType = sourcecode.swift; path = Sample_Procon_2018UITests.swift; sourceTree = "<group>"; };
		21177E08216E11F3003E3D9F /* Info.plist */ = {isa = PBXFileReference; lastKnownFileType = text.plist.xml; path = Info.plist; sourceTree = "<group>"; };
		21349AB1216F70AC002FDD8F /* ViewWebSite.storyboard */ = {isa = PBXFileReference; lastKnownFileType = file.storyboard; path = ViewWebSite.storyboard; sourceTree = "<group>"; };
		21349AB321702123002FDD8F /* ShowQRCode.storyboard */ = {isa = PBXFileReference; lastKnownFileType = file.storyboard; path = ShowQRCode.storyboard; sourceTree = "<group>"; };
		21349AB521702143002FDD8F /* ShowQRCode.swift */ = {isa = PBXFileReference; lastKnownFileType = sourcecode.swift; path = ShowQRCode.swift; sourceTree = "<group>"; };
		21349AB721702956002FDD8F /* ViewWebSite.swift */ = {isa = PBXFileReference; lastKnownFileType = sourcecode.swift; path = ViewWebSite.swift; sourceTree = "<group>"; };
		21F392F7217416CD0095A6ED /* Sample_Procon_2018.entitlements */ = {isa = PBXFileReference; lastKnownFileType = text.plist.entitlements; path = Sample_Procon_2018.entitlements; sourceTree = "<group>"; };
/* End PBXFileReference section */

/* Begin PBXFrameworksBuildPhase section */
		21177DE0216E11F1003E3D9F /* Frameworks */ = {
			isa = PBXFrameworksBuildPhase;
			buildActionMask = 2147483647;
			files = (
			);
			runOnlyForDeploymentPostprocessing = 0;
		};
		21177DF4216E11F2003E3D9F /* Frameworks */ = {
			isa = PBXFrameworksBuildPhase;
			buildActionMask = 2147483647;
			files = (
			);
			runOnlyForDeploymentPostprocessing = 0;
		};
		21177DFF216E11F3003E3D9F /* Frameworks */ = {
			isa = PBXFrameworksBuildPhase;
			buildActionMask = 2147483647;
			files = (
			);
			runOnlyForDeploymentPostprocessing = 0;
		};
/* End PBXFrameworksBuildPhase section */

/* Begin PBXGroup section */
		21177DDA216E11F1003E3D9F = {
			isa = PBXGroup;
			children = (
				21177DE5216E11F1003E3D9F /* Sample_Procon_2018 */,
				21177DFA216E11F2003E3D9F /* Sample_Procon_2018Tests */,
				21177E05216E11F3003E3D9F /* Sample_Procon_2018UITests */,
				21177DE4216E11F1003E3D9F /* Products */,
			);
			sourceTree = "<group>";
		};
		21177DE4216E11F1003E3D9F /* Products */ = {
			isa = PBXGroup;
			children = (
				21177DE3216E11F1003E3D9F /* Sample_Procon_2018.app */,
				21177DF7216E11F2003E3D9F /* Sample_Procon_2018Tests.xctest */,
				21177E02216E11F3003E3D9F /* Sample_Procon_2018UITests.xctest */,
			);
			name = Products;
			sourceTree = "<group>";
		};
		21177DE5216E11F1003E3D9F /* Sample_Procon_2018 */ = {
			isa = PBXGroup;
			children = (
				21F392F7217416CD0095A6ED /* Sample_Procon_2018.entitlements */,
				21177DE6216E11F1003E3D9F /* AppDelegate.swift */,
				21177DE8216E11F1003E3D9F /* ViewController.swift */,
				21177DEA216E11F1003E3D9F /* Main.storyboard */,
				21177DED216E11F2003E3D9F /* image.xcassets */,
				21177DEF216E11F2003E3D9F /* LaunchScreen.storyboard */,
				21177DF2216E11F2003E3D9F /* Info.plist */,
				21349AB1216F70AC002FDD8F /* ViewWebSite.storyboard */,
				21349AB721702956002FDD8F /* ViewWebSite.swift */,
				21349AB321702123002FDD8F /* ShowQRCode.storyboard */,
				21349AB521702143002FDD8F /* ShowQRCode.swift */,
			);
			path = Sample_Procon_2018;
			sourceTree = "<group>";
		};
		21177DFA216E11F2003E3D9F /* Sample_Procon_2018Tests */ = {
			isa = PBXGroup;
			children = (
				21177DFB216E11F2003E3D9F /* Sample_Procon_2018Tests.swift */,
				21177DFD216E11F2003E3D9F /* Info.plist */,
			);
			path = Sample_Procon_2018Tests;
			sourceTree = "<group>";
		};
		21177E05216E11F3003E3D9F /* Sample_Procon_2018UITests */ = {
			isa = PBXGroup;
			children = (
				21177E06216E11F3003E3D9F /* Sample_Procon_2018UITests.swift */,
				21177E08216E11F3003E3D9F /* Info.plist */,
			);
			path = Sample_Procon_2018UITests;
			sourceTree = "<group>";
		};
/* End PBXGroup section */

/* Begin PBXNativeTarget section */
		21177DE2216E11F1003E3D9F /* Sample_Procon_2018 */ = {
			isa = PBXNativeTarget;
			buildConfigurationList = 21177E0B216E11F3003E3D9F /* Build configuration list for PBXNativeTarget "Sample_Procon_2018" */;
			buildPhases = (
				21177DDF216E11F1003E3D9F /* Sources */,
				21177DE0216E11F1003E3D9F /* Frameworks */,
				21177DE1216E11F1003E3D9F /* Resources */,
			);
			buildRules = (
			);
			dependencies = (
			);
			name = Sample_Procon_2018;
			productName = Sample_Procon_2018;
			productReference = 21177DE3216E11F1003E3D9F /* Sample_Procon_2018.app */;
			productType = "com.apple.product-type.application";
		};
		21177DF6216E11F2003E3D9F /* Sample_Procon_2018Tests */ = {
			isa = PBXNativeTarget;
			buildConfigurationList = 21177E0E216E11F3003E3D9F /* Build configuration list for PBXNativeTarget "Sample_Procon_2018Tests" */;
			buildPhases = (
				21177DF3216E11F2003E3D9F /* Sources */,
				21177DF4216E11F2003E3D9F /* Frameworks */,
				21177DF5216E11F2003E3D9F /* Resources */,
			);
			buildRules = (
			);
			dependencies = (
				21177DF9216E11F2003E3D9F /* PBXTargetDependency */,
			);
			name = Sample_Procon_2018Tests;
			productName = Sample_Procon_2018Tests;
			productReference = 21177DF7216E11F2003E3D9F /* Sample_Procon_2018Tests.xctest */;
			productType = "com.apple.product-type.bundle.unit-test";
		};
		21177E01216E11F3003E3D9F /* Sample_Procon_2018UITests */ = {
			isa = PBXNativeTarget;
			buildConfigurationList = 21177E11216E11F3003E3D9F /* Build configuration list for PBXNativeTarget "Sample_Procon_2018UITests" */;
			buildPhases = (
				21177DFE216E11F3003E3D9F /* Sources */,
				21177DFF216E11F3003E3D9F /* Frameworks */,
				21177E00216E11F3003E3D9F /* Resources */,
			);
			buildRules = (
			);
			dependencies = (
				21177E04216E11F3003E3D9F /* PBXTargetDependency */,
			);
			name = Sample_Procon_2018UITests;
			productName = Sample_Procon_2018UITests;
			productReference = 21177E02216E11F3003E3D9F /* Sample_Procon_2018UITests.xctest */;
			productType = "com.apple.product-type.bundle.ui-testing";
		};
/* End PBXNativeTarget section */

/* Begin PBXProject section */
		21177DDB216E11F1003E3D9F /* Project object */ = {
			isa = PBXProject;
			attributes = {
				LastSwiftUpdateCheck = 1000;
				LastUpgradeCheck = 1000;
				ORGANIZATIONNAME = "関谷恒甫";
				TargetAttributes = {
					21177DE2216E11F1003E3D9F = {
						CreatedOnToolsVersion = 10.0;
						SystemCapabilities = {
							com.apple.ApplicationGroups.iOS = {
								enabled = 0;
							};
							com.apple.BackgroundModes = {
								enabled = 1;
							};
							com.apple.DataProtection = {
								enabled = 0;
							};
						};
					};
					21177DF6216E11F2003E3D9F = {
						CreatedOnToolsVersion = 10.0;
						TestTargetID = 21177DE2216E11F1003E3D9F;
					};
					21177E01216E11F3003E3D9F = {
						CreatedOnToolsVersion = 10.0;
						TestTargetID = 21177DE2216E11F1003E3D9F;
					};
				};
			};
			buildConfigurationList = 21177DDE216E11F1003E3D9F /* Build configuration list for PBXProject "Sample_Procon_2018" */;
			compatibilityVersion = "Xcode 9.3";
			developmentRegion = en;
			hasScannedForEncodings = 0;
			knownRegions = (
				en,
				Base,
			);
			mainGroup = 21177DDA216E11F1003E3D9F;
			productRefGroup = 21177DE4216E11F1003E3D9F /* Products */;
			projectDirPath = "";
			projectRoot = "";
			targets = (
				21177DE2216E11F1003E3D9F /* Sample_Procon_2018 */,
				21177DF6216E11F2003E3D9F /* Sample_Procon_2018Tests */,
				21177E01216E11F3003E3D9F /* Sample_Procon_2018UITests */,
			);
		};
/* End PBXProject section */

/* Begin PBXResourcesBuildPhase section */
		21177DE1216E11F1003E3D9F /* Resources */ = {
			isa = PBXResourcesBuildPhase;
			buildActionMask = 2147483647;
			files = (
				21177DF1216E11F2003E3D9F /* LaunchScreen.storyboard in Resources */,
				21177DEE216E11F2003E3D9F /* image.xcassets in Resources */,
				21177DEC216E11F1003E3D9F /* Main.storyboard in Resources */,
				21349AB421702123002FDD8F /* ShowQRCode.storyboard in Resources */,
				21349AB2216F70AC002FDD8F /* ViewWebSite.storyboard in Resources */,
			);
			runOnlyForDeploymentPostprocessing = 0;
		};
		21177DF5216E11F2003E3D9F /* Resources */ = {
			isa = PBXResourcesBuildPhase;
			buildActionMask = 2147483647;
			files = (
			);
			runOnlyForDeploymentPostprocessing = 0;
		};
		21177E00216E11F3003E3D9F /* Resources */ = {
			isa = PBXResourcesBuildPhase;
			buildActionMask = 2147483647;
			files = (
			);
			runOnlyForDeploymentPostprocessing = 0;
		};
/* End PBXResourcesBuildPhase section */

/* Begin PBXSourcesBuildPhase section */
		21177DDF216E11F1003E3D9F /* Sources */ = {
			isa = PBXSourcesBuildPhase;
			buildActionMask = 2147483647;
			files = (
				21177DE9216E11F1003E3D9F /* ViewController.swift in Sources */,
				21177DE7216E11F1003E3D9F /* AppDelegate.swift in Sources */,
				21349AB821702956002FDD8F /* ViewWebSite.swift in Sources */,
				21349AB621702143002FDD8F /* ShowQRCode.swift in Sources */,
			);
			runOnlyForDeploymentPostprocessing = 0;
		};
		21177DF3216E11F2003E3D9F /* Sources */ = {
			isa = PBXSourcesBuildPhase;
			buildActionMask = 2147483647;
			files = (
				21177DFC216E11F2003E3D9F /* Sample_Procon_2018Tests.swift in Sources */,
			);
			runOnlyForDeploymentPostprocessing = 0;
		};
		21177DFE216E11F3003E3D9F /* Sources */ = {
			isa = PBXSourcesBuildPhase;
			buildActionMask = 2147483647;
			files = (
				21177E07216E11F3003E3D9F /* Sample_Procon_2018UITests.swift in Sources */,
			);
			runOnlyForDeploymentPostprocessing = 0;
		};
/* End PBXSourcesBuildPhase section */

/* Begin PBXTargetDependency section */
		21177DF9216E11F2003E3D9F /* PBXTargetDependency */ = {
			isa = PBXTargetDependency;
			target = 21177DE2216E11F1003E3D9F /* Sample_Procon_2018 */;
			targetProxy = 21177DF8216E11F2003E3D9F /* PBXContainerItemProxy */;
		};
		21177E04216E11F3003E3D9F /* PBXTargetDependency */ = {
			isa = PBXTargetDependency;
			target = 21177DE2216E11F1003E3D9F /* Sample_Procon_2018 */;
			targetProxy = 21177E03216E11F3003E3D9F /* PBXContainerItemProxy */;
		};
/* End PBXTargetDependency section */

/* Begin PBXVariantGroup section */
		21177DEA216E11F1003E3D9F /* Main.storyboard */ = {
			isa = PBXVariantGroup;
			children = (
				21177DEB216E11F1003E3D9F /* Base */,
			);
			name = Main.storyboard;
			sourceTree = "<group>";
		};
		21177DEF216E11F2003E3D9F /* LaunchScreen.storyboard */ = {
			isa = PBXVariantGroup;
			children = (
				21177DF0216E11F2003E3D9F /* Base */,
			);
			name = LaunchScreen.storyboard;
			sourceTree = "<group>";
		};
/* End PBXVariantGroup section */

/* Begin XCBuildConfiguration section */
		21177E09216E11F3003E3D9F /* Debug */ = {
			isa = XCBuildConfiguration;
			buildSettings = {
				ALWAYS_SEARCH_USER_PATHS = NO;
				CLANG_ANALYZER_NONNULL = YES;
				CLANG_ANALYZER_NUMBER_OBJECT_CONVERSION = YES_AGGRESSIVE;
				CLANG_CXX_LANGUAGE_STANDARD = "gnu++14";
				CLANG_CXX_LIBRARY = "libc++";
				CLANG_ENABLE_MODULES = YES;
				CLANG_ENABLE_OBJC_ARC = YES;
				CLANG_ENABLE_OBJC_WEAK = YES;
				CLANG_WARN_BLOCK_CAPTURE_AUTORELEASING = YES;
				CLANG_WARN_BOOL_CONVERSION = YES;
				CLANG_WARN_COMMA = YES;
				CLANG_WARN_CONSTANT_CONVERSION = YES;
				CLANG_WARN_DEPRECATED_OBJC_IMPLEMENTATIONS = YES;
				CLANG_WARN_DIRECT_OBJC_ISA_USAGE = YES_ERROR;
				CLANG_WARN_DOCUMENTATION_COMMENTS = YES;
				CLANG_WARN_EMPTY_BODY = YES;
				CLANG_WARN_ENUM_CONVERSION = YES;
				CLANG_WARN_INFINITE_RECURSION = YES;
				CLANG_WARN_INT_CONVERSION = YES;
				CLANG_WARN_NON_LITERAL_NULL_CONVERSION = YES;
				CLANG_WARN_OBJC_IMPLICIT_RETAIN_SELF = YES;
				CLANG_WARN_OBJC_LITERAL_CONVERSION = YES;
				CLANG_WARN_OBJC_ROOT_CLASS = YES_ERROR;
				CLANG_WARN_RANGE_LOOP_ANALYSIS = YES;
				CLANG_WARN_STRICT_PROTOTYPES = YES;
				CLANG_WARN_SUSPICIOUS_MOVE = YES;
				CLANG_WARN_UNGUARDED_AVAILABILITY = YES_AGGRESSIVE;
				CLANG_WARN_UNREACHABLE_CODE = YES;
				CLANG_WARN__DUPLICATE_METHOD_MATCH = YES;
				CODE_SIGN_IDENTITY = "iPhone Developer";
				COPY_PHASE_STRIP = NO;
				DEBUG_INFORMATION_FORMAT = dwarf;
				ENABLE_STRICT_OBJC_MSGSEND = YES;
				ENABLE_TESTABILITY = YES;
				GCC_C_LANGUAGE_STANDARD = gnu11;
				GCC_DYNAMIC_NO_PIC = NO;
				GCC_NO_COMMON_BLOCKS = YES;
				GCC_OPTIMIZATION_LEVEL = 0;
				GCC_PREPROCESSOR_DEFINITIONS = (
					"DEBUG=1",
					"$(inherited)",
				);
				GCC_WARN_64_TO_32_BIT_CONVERSION = YES;
				GCC_WARN_ABOUT_RETURN_TYPE = YES_ERROR;
				GCC_WARN_UNDECLARED_SELECTOR = YES;
				GCC_WARN_UNINITIALIZED_AUTOS = YES_AGGRESSIVE;
				GCC_WARN_UNUSED_FUNCTION = YES;
				GCC_WARN_UNUSED_VARIABLE = YES;
				IPHONEOS_DEPLOYMENT_TARGET = 12.0;
				MTL_ENABLE_DEBUG_INFO = INCLUDE_SOURCE;
				MTL_FAST_MATH = YES;
				ONLY_ACTIVE_ARCH = YES;
				SDKROOT = iphoneos;
				SWIFT_ACTIVE_COMPILATION_CONDITIONS = DEBUG;
				SWIFT_OPTIMIZATION_LEVEL = "-Onone";
			};
			name = Debug;
		};
		21177E0A216E11F3003E3D9F /* Release */ = {
			isa = XCBuildConfiguration;
			buildSettings = {
				ALWAYS_SEARCH_USER_PATHS = NO;
				CLANG_ANALYZER_NONNULL = YES;
				CLANG_ANALYZER_NUMBER_OBJECT_CONVERSION = YES_AGGRESSIVE;
				CLANG_CXX_LANGUAGE_STANDARD = "gnu++14";
				CLANG_CXX_LIBRARY = "libc++";
				CLANG_ENABLE_MODULES = YES;
				CLANG_ENABLE_OBJC_ARC = YES;
				CLANG_ENABLE_OBJC_WEAK = YES;
				CLANG_WARN_BLOCK_CAPTURE_AUTORELEASING = YES;
				CLANG_WARN_BOOL_CONVERSION = YES;
				CLANG_WARN_COMMA = YES;
				CLANG_WARN_CONSTANT_CONVERSION = YES;
				CLANG_WARN_DEPRECATED_OBJC_IMPLEMENTATIONS = YES;
				CLANG_WARN_DIRECT_OBJC_ISA_USAGE = YES_ERROR;
				CLANG_WARN_DOCUMENTATION_COMMENTS = YES;
				CLANG_WARN_EMPTY_BODY = YES;
				CLANG_WARN_ENUM_CONVERSION = YES;
				CLANG_WARN_INFINITE_RECURSION = YES;
				CLANG_WARN_INT_CONVERSION = YES;
				CLANG_WARN_NON_LITERAL_NULL_CONVERSION = YES;
				CLANG_WARN_OBJC_IMPLICIT_RETAIN_SELF = YES;
				CLANG_WARN_OBJC_LITERAL_CONVERSION = YES;
				CLANG_WARN_OBJC_ROOT_CLASS = YES_ERROR;
				CLANG_WARN_RANGE_LOOP_ANALYSIS = YES;
				CLANG_WARN_STRICT_PROTOTYPES = YES;
				CLANG_WARN_SUSPICIOUS_MOVE = YES;
				CLANG_WARN_UNGUARDED_AVAILABILITY = YES_AGGRESSIVE;
				CLANG_WARN_UNREACHABLE_CODE = YES;
				CLANG_WARN__DUPLICATE_METHOD_MATCH = YES;
				CODE_SIGN_IDENTITY = "iPhone Developer";
				COPY_PHASE_STRIP = NO;
				DEBUG_INFORMATION_FORMAT = "dwarf-with-dsym";
				ENABLE_NS_ASSERTIONS = NO;
				ENABLE_STRICT_OBJC_MSGSEND = YES;
				GCC_C_LANGUAGE_STANDARD = gnu11;
				GCC_NO_COMMON_BLOCKS = YES;
				GCC_WARN_64_TO_32_BIT_CONVERSION = YES;
				GCC_WARN_ABOUT_RETURN_TYPE = YES_ERROR;
				GCC_WARN_UNDECLARED_SELECTOR = YES;
				GCC_WARN_UNINITIALIZED_AUTOS = YES_AGGRESSIVE;
				GCC_WARN_UNUSED_FUNCTION = YES;
				GCC_WARN_UNUSED_VARIABLE = YES;
				IPHONEOS_DEPLOYMENT_TARGET = 12.0;
				MTL_ENABLE_DEBUG_INFO = NO;
				MTL_FAST_MATH = YES;
				SDKROOT = iphoneos;
				SWIFT_COMPILATION_MODE = wholemodule;
				SWIFT_OPTIMIZATION_LEVEL = "-O";
				VALIDATE_PRODUCT = YES;
			};
			name = Release;
		};
		21177E0C216E11F3003E3D9F /* Debug */ = {
			isa = XCBuildConfiguration;
			buildSettings = {
				ASSETCATALOG_COMPILER_APPICON_NAME = AppIcon;
				CODE_SIGN_STYLE = Automatic;
				DEVELOPMENT_TEAM = SUD9T27AD9;
				INFOPLIST_FILE = Sample_Procon_2018/Info.plist;
				IPHONEOS_DEPLOYMENT_TARGET = 11.4;
				LD_RUNPATH_SEARCH_PATHS = (
					"$(inherited)",
					"@executable_path/Frameworks",
				);
				PRODUCT_BUNDLE_IDENTIFIER = "ariadust.Sample-Procon-2018";
				PRODUCT_NAME = "$(TARGET_NAME)";
				SWIFT_VERSION = 4.2;
				TARGETED_DEVICE_FAMILY = "1,2";
			};
			name = Debug;
		};
		21177E0D216E11F3003E3D9F /* Release */ = {
			isa = XCBuildConfiguration;
			buildSettings = {
				ASSETCATALOG_COMPILER_APPICON_NAME = AppIcon;
				CODE_SIGN_STYLE = Automatic;
				DEVELOPMENT_TEAM = SUD9T27AD9;
				INFOPLIST_FILE = Sample_Procon_2018/Info.plist;
				IPHONEOS_DEPLOYMENT_TARGET = 11.4;
				LD_RUNPATH_SEARCH_PATHS = (
					"$(inherited)",
					"@executable_path/Frameworks",
				);
				PRODUCT_BUNDLE_IDENTIFIER = "ariadust.Sample-Procon-2018";
				PRODUCT_NAME = "$(TARGET_NAME)";
				SWIFT_VERSION = 4.2;
				TARGETED_DEVICE_FAMILY = "1,2";
			};
			name = Release;
		};
		21177E0F216E11F3003E3D9F /* Debug */ = {
			isa = XCBuildConfiguration;
			buildSettings = {
				ALWAYS_EMBED_SWIFT_STANDARD_LIBRARIES = YES;
				BUNDLE_LOADER = "$(TEST_HOST)";
				CODE_SIGN_STYLE = Automatic;
				DEVELOPMENT_TEAM = SUD9T27AD9;
				INFOPLIST_FILE = Sample_Procon_2018Tests/Info.plist;
				LD_RUNPATH_SEARCH_PATHS = (
					"$(inherited)",
					"@executable_path/Frameworks",
					"@loader_path/Frameworks",
				);
				PRODUCT_BUNDLE_IDENTIFIER = "ariadust.Sample-Procon-2018Tests";
				PRODUCT_NAME = "$(TARGET_NAME)";
				SWIFT_VERSION = 4.2;
				TARGETED_DEVICE_FAMILY = "1,2";
				TEST_HOST = "$(BUILT_PRODUCTS_DIR)/Sample_Procon_2018.app/Sample_Procon_2018";
			};
			name = Debug;
		};
		21177E10216E11F3003E3D9F /* Release */ = {
			isa = XCBuildConfiguration;
			buildSettings = {
				ALWAYS_EMBED_SWIFT_STANDARD_LIBRARIES = YES;
				BUNDLE_LOADER = "$(TEST_HOST)";
				CODE_SIGN_STYLE = Automatic;
				DEVELOPMENT_TEAM = SUD9T27AD9;
				INFOPLIST_FILE = Sample_Procon_2018Tests/Info.plist;
				LD_RUNPATH_SEARCH_PATHS = (
					"$(inherited)",
					"@executable_path/Frameworks",
					"@loader_path/Frameworks",
				);
				PRODUCT_BUNDLE_IDENTIFIER = "ariadust.Sample-Procon-2018Tests";
				PRODUCT_NAME = "$(TARGET_NAME)";
				SWIFT_VERSION = 4.2;
				TARGETED_DEVICE_FAMILY = "1,2";
				TEST_HOST = "$(BUILT_PRODUCTS_DIR)/Sample_Procon_2018.app/Sample_Procon_2018";
			};
			name = Release;
		};
		21177E12216E11F3003E3D9F /* Debug */ = {
			isa = XCBuildConfiguration;
			buildSettings = {
				ALWAYS_EMBED_SWIFT_STANDARD_LIBRARIES = YES;
				CODE_SIGN_STYLE = Automatic;
				DEVELOPMENT_TEAM = SUD9T27AD9;
				INFOPLIST_FILE = Sample_Procon_2018UITests/Info.plist;
				LD_RUNPATH_SEARCH_PATHS = (
					"$(inherited)",
					"@executable_path/Frameworks",
					"@loader_path/Frameworks",
				);
				PRODUCT_BUNDLE_IDENTIFIER = "ariadust.Sample-Procon-2018UITests";
				PRODUCT_NAME = "$(TARGET_NAME)";
				SWIFT_VERSION = 4.2;
				TARGETED_DEVICE_FAMILY = "1,2";
				TEST_TARGET_NAME = Sample_Procon_2018;
			};
			name = Debug;
		};
		21177E13216E11F3003E3D9F /* Release */ = {
			isa = XCBuildConfiguration;
			buildSettings = {
				ALWAYS_EMBED_SWIFT_STANDARD_LIBRARIES = YES;
				CODE_SIGN_STYLE = Automatic;
				DEVELOPMENT_TEAM = SUD9T27AD9;
				INFOPLIST_FILE = Sample_Procon_2018UITests/Info.plist;
				LD_RUNPATH_SEARCH_PATHS = (
					"$(inherited)",
					"@executable_path/Frameworks",
					"@loader_path/Frameworks",
				);
				PRODUCT_BUNDLE_IDENTIFIER = "ariadust.Sample-Procon-2018UITests";
				PRODUCT_NAME = "$(TARGET_NAME)";
				SWIFT_VERSION = 4.2;
				TARGETED_DEVICE_FAMILY = "1,2";
				TEST_TARGET_NAME = Sample_Procon_2018;
			};
			name = Release;
		};
/* End XCBuildConfiguration section */

/* Begin XCConfigurationList section */
		21177DDE216E11F1003E3D9F /* Build configuration list for PBXProject "Sample_Procon_2018" */ = {
			isa = XCConfigurationList;
			buildConfigurations = (
				21177E09216E11F3003E3D9F /* Debug */,
				21177E0A216E11F3003E3D9F /* Release */,
			);
			defaultConfigurationIsVisible = 0;
			defaultConfigurationName = Release;
		};
		21177E0B216E11F3003E3D9F /* Build configuration list for PBXNativeTarget "Sample_Procon_2018" */ = {
			isa = XCConfigurationList;
			buildConfigurations = (
				21177E0C216E11F3003E3D9F /* Debug */,
				21177E0D216E11F3003E3D9F /* Release */,
			);
			defaultConfigurationIsVisible = 0;
			defaultConfigurationName = Release;
		};
		21177E0E216E11F3003E3D9F /* Build configuration list for PBXNativeTarget "Sample_Procon_2018Tests" */ = {
			isa = XCConfigurationList;
			buildConfigurations = (
				21177E0F216E11F3003E3D9F /* Debug */,
				21177E10216E11F3003E3D9F /* Release */,
			);
			defaultConfigurationIsVisible = 0;
			defaultConfigurationName = Release;
		};
		21177E11216E11F3003E3D9F /* Build configuration list for PBXNativeTarget "Sample_Procon_2018UITests" */ = {
			isa = XCConfigurationList;
			buildConfigurations = (
				21177E12216E11F3003E3D9F /* Debug */,
				21177E13216E11F3003E3D9F /* Release */,
			);
			defaultConfigurationIsVisible = 0;
			defaultConfigurationName = Release;
		};
/* End XCConfigurationList section */
	};
	rootObject = 21177DDB216E11F1003E3D9F /* Project object */;
}
